# This file is generated by running "yarn install" inside your project.
# Manual changes might be lost - proceed with caution!

__metadata:
  version: 8
  cacheKey: 10c0

"@babel/runtime@npm:^7.21.0":
  version: 7.23.1
  resolution: "@babel/runtime@npm:7.23.1"
  dependencies:
    regenerator-runtime: "npm:^0.14.0"
  checksum: e57ab1436d4845efe67c3f76d578508bb584173690ecfeac105bc4e09d64b2aa6a53c1e03bca3c97cc238e5390a804e5a4ded211e6350243b735905ca45a4822
  languageName: node
  linkType: hard

"@jridgewell/gen-mapping@npm:^0.3.0":
  version: 0.3.3
  resolution: "@jridgewell/gen-mapping@npm:0.3.3"
  dependencies:
    "@jridgewell/set-array": "npm:^1.0.1"
    "@jridgewell/sourcemap-codec": "npm:^1.4.10"
    "@jridgewell/trace-mapping": "npm:^0.3.9"
  checksum: 376fc11cf5a967318ba3ddd9d8e91be528eab6af66810a713c49b0c3f8dc67e9949452c51c38ab1b19aa618fb5e8594da5a249977e26b1e7fea1ee5a1fcacc74
  languageName: node
  linkType: hard

"@jridgewell/resolve-uri@npm:^3.1.0":
  version: 3.1.1
  resolution: "@jridgewell/resolve-uri@npm:3.1.1"
  checksum: 0dbc9e29bc640bbbdc5b9876d2859c69042bfcf1423c1e6421bcca53e826660bff4e41c7d4bcb8dbea696404231a6f902f76ba41835d049e20f2dd6cffb713bf
  languageName: node
  linkType: hard

"@jridgewell/set-array@npm:^1.0.1":
  version: 1.1.2
  resolution: "@jridgewell/set-array@npm:1.1.2"
  checksum: bc7ab4c4c00470de4e7562ecac3c0c84f53e7ee8a711e546d67c47da7febe7c45cd67d4d84ee3c9b2c05ae8e872656cdded8a707a283d30bd54fbc65aef821ab
  languageName: node
  linkType: hard

"@jridgewell/source-map@npm:^0.3.3":
  version: 0.3.5
  resolution: "@jridgewell/source-map@npm:0.3.5"
  dependencies:
    "@jridgewell/gen-mapping": "npm:^0.3.0"
    "@jridgewell/trace-mapping": "npm:^0.3.9"
  checksum: b985d9ebd833a21a6e9ace820c8a76f60345a34d9e28d98497c16b6e93ce1f131bff0abd45f8585f14aa382cce678ed680d628c631b40a9616a19cfbc2049b68
  languageName: node
  linkType: hard

"@jridgewell/sourcemap-codec@npm:^1.4.10, @jridgewell/sourcemap-codec@npm:^1.4.14":
  version: 1.4.15
  resolution: "@jridgewell/sourcemap-codec@npm:1.4.15"
  checksum: 0c6b5ae663087558039052a626d2d7ed5208da36cfd707dcc5cea4a07cfc918248403dcb5989a8f7afaf245ce0573b7cc6fd94c4a30453bd10e44d9363940ba5
  languageName: node
  linkType: hard

"@jridgewell/trace-mapping@npm:^0.3.9":
  version: 0.3.19
  resolution: "@jridgewell/trace-mapping@npm:0.3.19"
  dependencies:
    "@jridgewell/resolve-uri": "npm:^3.1.0"
    "@jridgewell/sourcemap-codec": "npm:^1.4.14"
  checksum: 845e6c6efca621b2b85e4d13fd25c319b6e4ab1ea78d4385ff6c0f78322ea0fcdfec8ac763aa4b56e8378c96d7bef101a2638c7a1a076f7d62f6376230c940a7
  languageName: node
  linkType: hard

"acorn@npm:^8.8.2":
  version: 8.10.0
  resolution: "acorn@npm:8.10.0"
  bin:
    acorn: bin/acorn
  checksum: deaeebfbea6e40f6c0e1070e9b0e16e76ba484de54cbd735914d1d41d19169a450de8630b7a3a0c4e271a3b0c0b075a3427ad1a40d8a69f8747c0e8cb02ee3e2
  languageName: node
  linkType: hard

"ansi-regex@npm:^5.0.1":
  version: 5.0.1
  resolution: "ansi-regex@npm:5.0.1"
  checksum: 9a64bb8627b434ba9327b60c027742e5d17ac69277960d041898596271d992d4d52ba7267a63ca10232e29f6107fc8a835f6ce8d719b88c5f8493f8254813737
  languageName: node
  linkType: hard

"ansi-styles@npm:^4.0.0, ansi-styles@npm:^4.1.0":
  version: 4.3.0
  resolution: "ansi-styles@npm:4.3.0"
  dependencies:
    color-convert: "npm:^2.0.1"
  checksum: 895a23929da416f2bd3de7e9cb4eabd340949328ab85ddd6e484a637d8f6820d485f53933446f5291c3b760cbc488beb8e88573dd0f9c7daf83dccc8fe81b041
  languageName: node
  linkType: hard

"balanced-match@npm:^1.0.0":
  version: 1.0.2
  resolution: "balanced-match@npm:1.0.2"
  checksum: 9308baf0a7e4838a82bbfd11e01b1cb0f0cf2893bc1676c27c2a8c0e70cbae1c59120c3268517a8ae7fb6376b4639ef81ca22582611dbee4ed28df945134aaee
  languageName: node
  linkType: hard

"brace-expansion@npm:^2.0.1":
  version: 2.0.1
  resolution: "brace-expansion@npm:2.0.1"
  dependencies:
    balanced-match: "npm:^1.0.0"
  checksum: b358f2fe060e2d7a87aa015979ecea07f3c37d4018f8d6deb5bd4c229ad3a0384fe6029bb76cd8be63c81e516ee52d1a0673edbe2023d53a5191732ae3c3e49f
  languageName: node
  linkType: hard

"buffer-from@npm:^1.0.0":
  version: 1.1.2
  resolution: "buffer-from@npm:1.1.2"
  checksum: 124fff9d66d691a86d3b062eff4663fe437a9d9ee4b47b1b9e97f5a5d14f6d5399345db80f796827be7c95e70a8e765dd404b7c3ff3b3324f98e9b0c8826cc34
  languageName: node
  linkType: hard

"camel-case@npm:^4.1.2":
  version: 4.1.2
  resolution: "camel-case@npm:4.1.2"
  dependencies:
    pascal-case: "npm:^3.1.2"
    tslib: "npm:^2.0.3"
  checksum: bf9eefaee1f20edbed2e9a442a226793bc72336e2b99e5e48c6b7252b6f70b080fc46d8246ab91939e2af91c36cdd422e0af35161e58dd089590f302f8f64c8a
  languageName: node
  linkType: hard

"chalk@npm:^4.1.2":
  version: 4.1.2
  resolution: "chalk@npm:4.1.2"
  dependencies:
    ansi-styles: "npm:^4.1.0"
    supports-color: "npm:^7.1.0"
  checksum: 4a3fef5cc34975c898ffe77141450f679721df9dde00f6c304353fa9c8b571929123b26a0e4617bde5018977eb655b31970c297b91b63ee83bb82aeb04666880
  languageName: node
  linkType: hard

"clean-css@npm:~5.3.2":
  version: 5.3.2
  resolution: "clean-css@npm:5.3.2"
  dependencies:
    source-map: "npm:~0.6.0"
  checksum: 315e0e81306524bd2c1905fa6823bf7658be40799b78f446e5e6922808718d2b80266fb3e96842a06176fa683bc2c1a0d2827b08d154e2f9cf136d7bda909d33
  languageName: node
  linkType: hard

"cliui@npm:^8.0.1":
  version: 8.0.1
  resolution: "cliui@npm:8.0.1"
  dependencies:
    string-width: "npm:^4.2.0"
    strip-ansi: "npm:^6.0.1"
    wrap-ansi: "npm:^7.0.0"
  checksum: 4bda0f09c340cbb6dfdc1ed508b3ca080f12992c18d68c6be4d9cf51756033d5266e61ec57529e610dacbf4da1c634423b0c1b11037709cc6b09045cbd815df5
  languageName: node
  linkType: hard

"color-convert@npm:^2.0.1":
  version: 2.0.1
  resolution: "color-convert@npm:2.0.1"
  dependencies:
    color-name: "npm:~1.1.4"
  checksum: 37e1150172f2e311fe1b2df62c6293a342ee7380da7b9cfdba67ea539909afbd74da27033208d01d6d5cfc65ee7868a22e18d7e7648e004425441c0f8a15a7d7
  languageName: node
  linkType: hard

"color-name@npm:~1.1.4":
  version: 1.1.4
  resolution: "color-name@npm:1.1.4"
  checksum: a1a3f914156960902f46f7f56bc62effc6c94e84b2cae157a526b1c1f74b677a47ec602bf68a61abfa2b42d15b7c5651c6dbe72a43af720bc588dff885b10f95
  languageName: node
  linkType: hard

"commander@npm:^10.0.0":
  version: 10.0.1
  resolution: "commander@npm:10.0.1"
  checksum: 53f33d8927758a911094adadda4b2cbac111a5b377d8706700587650fd8f45b0bbe336de4b5c3fe47fd61f420a3d9bd452b6e0e6e5600a7e74d7bf0174f6efe3
  languageName: node
  linkType: hard

"commander@npm:^2.20.0":
  version: 2.20.3
  resolution: "commander@npm:2.20.3"
  checksum: 74c781a5248c2402a0a3e966a0a2bba3c054aad144f5c023364be83265e796b20565aa9feff624132ff629aa64e16999fa40a743c10c12f7c61e96a794b99288
  languageName: node
  linkType: hard

"commander@npm:^9.0.0":
  version: 9.5.0
  resolution: "commander@npm:9.5.0"
  checksum: 5f7784fbda2aaec39e89eb46f06a999e00224b3763dc65976e05929ec486e174fe9aac2655f03ba6a5e83875bd173be5283dc19309b7c65954701c02025b3c1d
  languageName: node
  linkType: hard

"concurrently@npm:^8.2.1":
  version: 8.2.1
  resolution: "concurrently@npm:8.2.1"
  dependencies:
    chalk: "npm:^4.1.2"
    date-fns: "npm:^2.30.0"
    lodash: "npm:^4.17.21"
    rxjs: "npm:^7.8.1"
    shell-quote: "npm:^1.8.1"
    spawn-command: "npm:0.0.2"
    supports-color: "npm:^8.1.1"
    tree-kill: "npm:^1.2.2"
    yargs: "npm:^17.7.2"
  bin:
    conc: dist/bin/concurrently.js
    concurrently: dist/bin/concurrently.js
  checksum: cde6807839d41121c85f8a20064c9fc8a6c40737b42695db75a64ae1b840314cb63b3ba8c7462d33755b62d5ae5522120824015fcfa0714d773e0d839151f08a
  languageName: node
  linkType: hard

"cssesc@npm:^3.0.0":
  version: 3.0.0
  resolution: "cssesc@npm:3.0.0"
  bin:
    cssesc: bin/cssesc
  checksum: 6bcfd898662671be15ae7827120472c5667afb3d7429f1f917737f3bf84c4176003228131b643ae74543f17a394446247df090c597bb9a728cce298606ed0aa7
  languageName: node
  linkType: hard

"date-fns@npm:^2.30.0":
  version: 2.30.0
  resolution: "date-fns@npm:2.30.0"
  dependencies:
    "@babel/runtime": "npm:^7.21.0"
  checksum: e4b521fbf22bc8c3db332bbfb7b094fd3e7627de0259a9d17c7551e2d2702608a7307a449206065916538e384f37b181565447ce2637ae09828427aed9cb5581
  languageName: node
  linkType: hard

"dot-case@npm:^3.0.4":
  version: 3.0.4
  resolution: "dot-case@npm:3.0.4"
  dependencies:
    no-case: "npm:^3.0.4"
    tslib: "npm:^2.0.3"
  checksum: 5b859ea65097a7ea870e2c91b5768b72ddf7fa947223fd29e167bcdff58fe731d941c48e47a38ec8aa8e43044c8fbd15cd8fa21689a526bc34b6548197cd5b05
  languageName: node
  linkType: hard

"emoji-regex@npm:^8.0.0":
  version: 8.0.0
  resolution: "emoji-regex@npm:8.0.0"
  checksum: b6053ad39951c4cf338f9092d7bfba448cdfd46fe6a2a034700b149ac9ffbc137e361cbd3c442297f86bed2e5f7576c1b54cc0a6bf8ef5106cc62f496af35010
  languageName: node
  linkType: hard

"entities@npm:^4.4.0":
  version: 4.5.0
  resolution: "entities@npm:4.5.0"
  checksum: 5b039739f7621f5d1ad996715e53d964035f75ad3b9a4d38c6b3804bb226e282ffeae2443624d8fdd9c47d8e926ae9ac009c54671243f0c3294c26af7cc85250
  languageName: node
  linkType: hard

"escalade@npm:^3.1.1":
  version: 3.1.1
  resolution: "escalade@npm:3.1.1"
  checksum: afd02e6ca91ffa813e1108b5e7756566173d6bc0d1eb951cb44d6b21702ec17c1cf116cfe75d4a2b02e05acb0b808a7a9387d0d1ca5cf9c04ad03a8445c3e46d
  languageName: node
  linkType: hard

"fs.realpath@npm:^1.0.0":
  version: 1.0.0
  resolution: "fs.realpath@npm:1.0.0"
  checksum: 444cf1291d997165dfd4c0d58b69f0e4782bfd9149fd72faa4fe299e68e0e93d6db941660b37dd29153bf7186672ececa3b50b7e7249477b03fdf850f287c948
  languageName: node
  linkType: hard

"get-caller-file@npm:^2.0.5":
  version: 2.0.5
  resolution: "get-caller-file@npm:2.0.5"
  checksum: c6c7b60271931fa752aeb92f2b47e355eac1af3a2673f47c9589e8f8a41adc74d45551c1bc57b5e66a80609f10ffb72b6f575e4370d61cc3f7f3aaff01757cde
  languageName: node
  linkType: hard

"glob@npm:^8.0.3":
  version: 8.1.0
  resolution: "glob@npm:8.1.0"
  dependencies:
    fs.realpath: "npm:^1.0.0"
    inflight: "npm:^1.0.4"
    inherits: "npm:2"
    minimatch: "npm:^5.0.1"
    once: "npm:^1.3.0"
  checksum: cb0b5cab17a59c57299376abe5646c7070f8acb89df5595b492dba3bfb43d301a46c01e5695f01154e6553168207cb60d4eaf07d3be4bc3eb9b0457c5c561d0f
  languageName: node
  linkType: hard

"has-flag@npm:^4.0.0":
  version: 4.0.0
  resolution: "has-flag@npm:4.0.0"
  checksum: 2e789c61b7888d66993e14e8331449e525ef42aac53c627cc53d1c3334e768bcb6abdc4f5f0de1478a25beec6f0bd62c7549058b7ac53e924040d4f301f02fd1
  languageName: node
  linkType: hard

"html-minifier-terser@npm:^7.2.0":
  version: 7.2.0
  resolution: "html-minifier-terser@npm:7.2.0"
  dependencies:
    camel-case: "npm:^4.1.2"
    clean-css: "npm:~5.3.2"
    commander: "npm:^10.0.0"
    entities: "npm:^4.4.0"
    param-case: "npm:^3.0.4"
    relateurl: "npm:^0.2.7"
    terser: "npm:^5.15.1"
  bin:
    html-minifier-terser: cli.js
  checksum: ffc97c17299d9ec30e17269781b816ea2fc411a9206fc9e768be8f2decb1ea1470892809babb23bb4e3ab1f64d606d97e1803bf526ae3af71edc0fd3070b94b9
  languageName: node
  linkType: hard

"inflight@npm:^1.0.4":
  version: 1.0.6
  resolution: "inflight@npm:1.0.6"
  dependencies:
    once: "npm:^1.3.0"
    wrappy: "npm:1"
  checksum: 7faca22584600a9dc5b9fca2cd5feb7135ac8c935449837b315676b4c90aa4f391ec4f42240178244b5a34e8bede1948627fda392ca3191522fc46b34e985ab2
  languageName: node
  linkType: hard

"inherits@npm:2":
  version: 2.0.4
  resolution: "inherits@npm:2.0.4"
  checksum: 4e531f648b29039fb7426fb94075e6545faa1eb9fe83c29f0b6d9e7263aceb4289d2d4557db0d428188eeb449cc7c5e77b0a0b2c4e248ff2a65933a0dee49ef2
  languageName: node
  linkType: hard

"is-fullwidth-code-point@npm:^3.0.0":
  version: 3.0.0
  resolution: "is-fullwidth-code-point@npm:3.0.0"
  checksum: bb11d825e049f38e04c06373a8d72782eee0205bda9d908cc550ccb3c59b99d750ff9537982e01733c1c94a58e35400661f57042158ff5e8f3e90cf936daf0fc
  languageName: node
  linkType: hard

"lodash@npm:^4.17.21":
  version: 4.17.21
  resolution: "lodash@npm:4.17.21"
  checksum: d8cbea072bb08655bb4c989da418994b073a608dffa608b09ac04b43a791b12aeae7cd7ad919aa4c925f33b48490b5cfe6c1f71d827956071dae2e7bb3a6b74c
  languageName: node
  linkType: hard

"lower-case@npm:^2.0.2":
  version: 2.0.2
  resolution: "lower-case@npm:2.0.2"
  dependencies:
    tslib: "npm:^2.0.3"
  checksum: 3d925e090315cf7dc1caa358e0477e186ffa23947740e4314a7429b6e62d72742e0bbe7536a5ae56d19d7618ce998aba05caca53c2902bd5742fdca5fc57fd7b
  languageName: node
  linkType: hard

"minimatch@npm:^5.0.1":
  version: 5.1.6
  resolution: "minimatch@npm:5.1.6"
  dependencies:
    brace-expansion: "npm:^2.0.1"
  checksum: 3defdfd230914f22a8da203747c42ee3c405c39d4d37ffda284dac5e45b7e1f6c49aa8be606509002898e73091ff2a3bbfc59c2c6c71d4660609f63aa92f98e3
  languageName: node
  linkType: hard

"nanoid@npm:^3.3.6":
  version: 3.3.6
  resolution: "nanoid@npm:3.3.6"
  bin:
    nanoid: bin/nanoid.cjs
  checksum: 606b355960d0fcbe3d27924c4c52ef7d47d3b57208808ece73279420d91469b01ec1dce10fae512b6d4a8c5a5432b352b228336a8b2202a6ea68e67fa348e2ee
  languageName: node
  linkType: hard

"no-case@npm:^3.0.4":
  version: 3.0.4
  resolution: "no-case@npm:3.0.4"
  dependencies:
    lower-case: "npm:^2.0.2"
    tslib: "npm:^2.0.3"
  checksum: 8ef545f0b3f8677c848f86ecbd42ca0ff3cd9dd71c158527b344c69ba14710d816d8489c746b6ca225e7b615108938a0bda0a54706f8c255933703ac1cf8e703
  languageName: node
  linkType: hard

"once@npm:^1.3.0":
  version: 1.4.0
  resolution: "once@npm:1.4.0"
  dependencies:
    wrappy: "npm:1"
  checksum: 5d48aca287dfefabd756621c5dfce5c91a549a93e9fdb7b8246bc4c4790aa2ec17b34a260530474635147aeb631a2dcc8b32c613df0675f96041cbb8244517d0
  languageName: node
  linkType: hard

"param-case@npm:^3.0.4":
  version: 3.0.4
  resolution: "param-case@npm:3.0.4"
  dependencies:
    dot-case: "npm:^3.0.4"
    tslib: "npm:^2.0.3"
  checksum: ccc053f3019f878eca10e70ec546d92f51a592f762917dafab11c8b532715dcff58356118a6f350976e4ab109e321756f05739643ed0ca94298e82291e6f9e76
  languageName: node
  linkType: hard

"pascal-case@npm:^3.1.2":
  version: 3.1.2
  resolution: "pascal-case@npm:3.1.2"
  dependencies:
    no-case: "npm:^3.0.4"
    tslib: "npm:^2.0.3"
  checksum: 05ff7c344809fd272fc5030ae0ee3da8e4e63f36d47a1e0a4855ca59736254192c5a27b5822ed4bae96e54048eec5f6907713cfcfff7cdf7a464eaf7490786d8
  languageName: node
  linkType: hard

"picocolors@npm:^1.0.0":
  version: 1.0.0
  resolution: "picocolors@npm:1.0.0"
  checksum: 20a5b249e331c14479d94ec6817a182fd7a5680debae82705747b2db7ec50009a5f6648d0621c561b0572703f84dbef0858abcbd5856d3c5511426afcb1961f7
  languageName: node
  linkType: hard

"postcss-selector-parser@npm:^6.0.7":
  version: 6.0.13
  resolution: "postcss-selector-parser@npm:6.0.13"
  dependencies:
    cssesc: "npm:^3.0.0"
    util-deprecate: "npm:^1.0.2"
  checksum: 51f099b27f7c7198ea1826470ef0adfa58b3bd3f59b390fda123baa0134880a5fa9720137b6009c4c1373357b144f700b0edac73335d0067422063129371444e
  languageName: node
  linkType: hard

"postcss@npm:^8.4.4":
  version: 8.4.31
  resolution: "postcss@npm:8.4.31"
  dependencies:
    nanoid: "npm:^3.3.6"
    picocolors: "npm:^1.0.0"
    source-map-js: "npm:^1.0.2"
  checksum: 748b82e6e5fc34034dcf2ae88ea3d11fd09f69b6c50ecdd3b4a875cfc7cdca435c958b211e2cb52355422ab6fccb7d8f2f2923161d7a1b281029e4a913d59acf
  languageName: node
  linkType: hard

"purgecss@npm:^5.0.0":
  version: 5.0.0
  resolution: "purgecss@npm:5.0.0"
  dependencies:
    commander: "npm:^9.0.0"
    glob: "npm:^8.0.3"
    postcss: "npm:^8.4.4"
    postcss-selector-parser: "npm:^6.0.7"
  bin:
    purgecss: bin/purgecss.js
  checksum: d5a459adc0ad653da9393e643eae9f2084307a3655d10d6c570605292bafe39017bdf57f3d9cf7b95b3ee7a4240435268213511628946f2b5f3985d6cbc7ba05
  languageName: node
  linkType: hard

"regenerator-runtime@npm:^0.14.0":
  version: 0.14.0
  resolution: "regenerator-runtime@npm:0.14.0"
  checksum: e25f062c1a183f81c99681691a342760e65c55e8d3a4d4fe347ebe72433b123754b942b70b622959894e11f8a9131dc549bd3c9a5234677db06a4af42add8d12
  languageName: node
  linkType: hard

"relateurl@npm:^0.2.7":
  version: 0.2.7
  resolution: "relateurl@npm:0.2.7"
  checksum: c248b4e3b32474f116a804b537fa6343d731b80056fb506dffd91e737eef4cac6be47a65aae39b522b0db9d0b1011d1a12e288d82a109ecd94a5299d82f6573a
  languageName: node
  linkType: hard

"require-directory@npm:^2.1.1":
  version: 2.1.1
  resolution: "require-directory@npm:2.1.1"
  checksum: 83aa76a7bc1531f68d92c75a2ca2f54f1b01463cb566cf3fbc787d0de8be30c9dbc211d1d46be3497dac5785fe296f2dd11d531945ac29730643357978966e99
  languageName: node
  linkType: hard

"rxjs@npm:^7.8.1":
  version: 7.8.1
  resolution: "rxjs@npm:7.8.1"
  dependencies:
    tslib: "npm:^2.1.0"
  checksum: 3c49c1ecd66170b175c9cacf5cef67f8914dcbc7cd0162855538d365c83fea631167cacb644b3ce533b2ea0e9a4d0b12175186985f89d75abe73dbd8f7f06f68
  languageName: node
  linkType: hard

"shell-quote@npm:^1.8.1":
  version: 1.8.1
  resolution: "shell-quote@npm:1.8.1"
  checksum: 8cec6fd827bad74d0a49347057d40dfea1e01f12a6123bf82c4649f3ef152fc2bc6d6176e6376bffcd205d9d0ccb4f1f9acae889384d20baff92186f01ea455a
  languageName: node
  linkType: hard

"source-map-js@npm:^1.0.2":
  version: 1.0.2
  resolution: "source-map-js@npm:1.0.2"
  checksum: 32f2dfd1e9b7168f9a9715eb1b4e21905850f3b50cf02cf476e47e4eebe8e6b762b63a64357896aa29b37e24922b4282df0f492e0d2ace572b43d15525976ff8
  languageName: node
  linkType: hard

"source-map-support@npm:~0.5.20":
  version: 0.5.21
  resolution: "source-map-support@npm:0.5.21"
  dependencies:
    buffer-from: "npm:^1.0.0"
    source-map: "npm:^0.6.0"
  checksum: 9ee09942f415e0f721d6daad3917ec1516af746a8120bba7bb56278707a37f1eb8642bde456e98454b8a885023af81a16e646869975f06afc1a711fb90484e7d
  languageName: node
  linkType: hard

"source-map@npm:^0.6.0, source-map@npm:~0.6.0":
  version: 0.6.1
  resolution: "source-map@npm:0.6.1"
  checksum: ab55398007c5e5532957cb0beee2368529618ac0ab372d789806f5718123cc4367d57de3904b4e6a4170eb5a0b0f41373066d02ca0735a0c4d75c7d328d3e011
  languageName: node
  linkType: hard

"spawn-command@npm:0.0.2":
  version: 0.0.2
  resolution: "spawn-command@npm:0.0.2"
  checksum: b22f2d71239e6e628a400831861ba747750bbb40c0a53323754cf7b84330b73d81e40ff1f9055e6d1971818679510208a9302e13d9ff3b32feb67e74d7a1b3ef
  languageName: node
  linkType: hard

"string-width@npm:^4.1.0, string-width@npm:^4.2.0, string-width@npm:^4.2.3":
  version: 4.2.3
  resolution: "string-width@npm:4.2.3"
  dependencies:
    emoji-regex: "npm:^8.0.0"
    is-fullwidth-code-point: "npm:^3.0.0"
    strip-ansi: "npm:^6.0.1"
  checksum: 1e525e92e5eae0afd7454086eed9c818ee84374bb80328fc41217ae72ff5f065ef1c9d7f72da41de40c75fa8bb3dee63d92373fd492c84260a552c636392a47b
  languageName: node
  linkType: hard

"strip-ansi@npm:^6.0.0, strip-ansi@npm:^6.0.1":
  version: 6.0.1
  resolution: "strip-ansi@npm:6.0.1"
  dependencies:
    ansi-regex: "npm:^5.0.1"
  checksum: 1ae5f212a126fe5b167707f716942490e3933085a5ff6c008ab97ab2f272c8025d3aa218b7bd6ab25729ca20cc81cddb252102f8751e13482a5199e873680952
  languageName: node
  linkType: hard

"supports-color@npm:^7.1.0":
  version: 7.2.0
  resolution: "supports-color@npm:7.2.0"
  dependencies:
    has-flag: "npm:^4.0.0"
  checksum: afb4c88521b8b136b5f5f95160c98dee7243dc79d5432db7efc27efb219385bbc7d9427398e43dd6cc730a0f87d5085ce1652af7efbe391327bc0a7d0f7fc124
  languageName: node
  linkType: hard

"supports-color@npm:^8.1.1":
  version: 8.1.1
  resolution: "supports-color@npm:8.1.1"
  dependencies:
    has-flag: "npm:^4.0.0"
  checksum: ea1d3c275dd604c974670f63943ed9bd83623edc102430c05adb8efc56ba492746b6e95386e7831b872ec3807fd89dd8eb43f735195f37b5ec343e4234cc7e89
  languageName: node
  linkType: hard

"terser@npm:^5.15.1":
  version: 5.21.0
  resolution: "terser@npm:5.21.0"
  dependencies:
    "@jridgewell/source-map": "npm:^0.3.3"
    acorn: "npm:^8.8.2"
    commander: "npm:^2.20.0"
    source-map-support: "npm:~0.5.20"
  bin:
    terser: bin/terser
  checksum: f14ee816b668e014a2a37f4d00c2d9038374be56f0a141d4eb386b316c5645f49bb038a6b78f75353e9745d622dc66a1d6368aea5b08d46489b57dbf195f761c
  languageName: node
  linkType: hard

"tree-kill@npm:^1.2.2":
  version: 1.2.2
  resolution: "tree-kill@npm:1.2.2"
  bin:
    tree-kill: cli.js
  checksum: 7b1b7c7f17608a8f8d20a162e7957ac1ef6cd1636db1aba92f4e072dc31818c2ff0efac1e3d91064ede67ed5dc57c565420531a8134090a12ac10cf792ab14d2
  languageName: node
  linkType: hard

"tslib@npm:^2.0.3, tslib@npm:^2.1.0":
  version: 2.6.2
  resolution: "tslib@npm:2.6.2"
  checksum: e03a8a4271152c8b26604ed45535954c0a45296e32445b4b87f8a5abdb2421f40b59b4ca437c4346af0f28179780d604094eb64546bee2019d903d01c6c19bdb
  languageName: node
  linkType: hard

"util-deprecate@npm:^1.0.2":
  version: 1.0.2
  resolution: "util-deprecate@npm:1.0.2"
  checksum: 41a5bdd214df2f6c3ecf8622745e4a366c4adced864bc3c833739791aeeeb1838119af7daed4ba36428114b5c67dcda034a79c882e97e43c03e66a4dd7389942
  languageName: node
  linkType: hard

"website-static@workspace:.":
  version: 0.0.0-use.local
  resolution: "website-static@workspace:."
  dependencies:
    concurrently: "npm:^8.2.1"
    html-minifier-terser: "npm:^7.2.0"
    purgecss: "npm:^5.0.0"
  languageName: unknown
  linkType: soft

"wrap-ansi@npm:^7.0.0":
  version: 7.0.0
  resolution: "wrap-ansi@npm:7.0.0"
  dependencies:
    ansi-styles: "npm:^4.0.0"
    string-width: "npm:^4.1.0"
    strip-ansi: "npm:^6.0.0"
  checksum: d15fc12c11e4cbc4044a552129ebc75ee3f57aa9c1958373a4db0292d72282f54373b536103987a4a7594db1ef6a4f10acf92978f79b98c49306a4b58c77d4da
  languageName: node
  linkType: hard

"wrappy@npm:1":
  version: 1.0.2
  resolution: "wrappy@npm:1.0.2"
  checksum: 56fece1a4018c6a6c8e28fbc88c87e0fbf4ea8fd64fc6c63b18f4acc4bd13e0ad2515189786dd2c30d3eec9663d70f4ecf699330002f8ccb547e4a18231fc9f0
  languageName: node
  linkType: hard

"y18n@npm:^5.0.5":
  version: 5.0.8
  resolution: "y18n@npm:5.0.8"
  checksum: 4df2842c36e468590c3691c894bc9cdbac41f520566e76e24f59401ba7d8b4811eb1e34524d57e54bc6d864bcb66baab7ffd9ca42bf1eda596618f9162b91249
  languageName: node
  linkType: hard

"yargs-parser@npm:^21.1.1":
  version: 21.1.1
  resolution: "yargs-parser@npm:21.1.1"
  checksum: f84b5e48169479d2f402239c59f084cfd1c3acc197a05c59b98bab067452e6b3ea46d4dd8ba2985ba7b3d32a343d77df0debd6b343e5dae3da2aab2cdf5886b2
  languageName: node
  linkType: hard

"yargs@npm:^17.7.2":
  version: 17.7.2
  resolution: "yargs@npm:17.7.2"
  dependencies:
    cliui: "npm:^8.0.1"
    escalade: "npm:^3.1.1"
    get-caller-file: "npm:^2.0.5"
    require-directory: "npm:^2.1.1"
    string-width: "npm:^4.2.3"
    y18n: "npm:^5.0.5"
    yargs-parser: "npm:^21.1.1"
  checksum: ccd7e723e61ad5965fffbb791366db689572b80cca80e0f96aad968dfff4156cd7cd1ad18607afe1046d8241e6fb2d6c08bf7fa7bfb5eaec818735d8feac8f05
  languageName: node
  linkType: hard
